
Microsoft Visual Studio Solution File, Format Version 12.00
# Visual Studio 15
VisualStudioVersion = 15.0.26228.4
MinimumVisualStudioVersion = 10.0.40219.1
Project("{FAE04EC0-301F-11D3-BF4B-00C04F79EFBC}") = "DroneLander.Android", "DroneLander\DroneLander.Android\DroneLander.Android.csproj", "{E13222EB-04E4-4234-95B6-55AA01BDA619}"
EndProject
Project("{FAE04EC0-301F-11D3-BF4B-00C04F79EFBC}") = "DroneLander", "DroneLander\DroneLander\DroneLander.csproj", "{687B9E1F-1362-438E-882B-62E0917163E2}"
EndProject
Project("{FAE04EC0-301F-11D3-BF4B-00C04F79EFBC}") = "DroneLander.UWP", "DroneLander\DroneLander.UWP\DroneLander.UWP.csproj", "{CAE9A020-A152-408D-B7FF-5515AFE53A11}"
EndProject
Project("{FAE04EC0-301F-11D3-BF4B-00C04F79EFBC}") = "DroneLander.iOS", "DroneLander\DroneLander.iOS\DroneLander.iOS.csproj", "{626CAF98-6626-4CB9-83A3-699FE372459A}"
EndProject
Global
	GlobalSection(SolutionConfigurationPlatforms) = preSolution
		Ad-Hoc|Any CPU = Ad-Hoc|Any CPU
		Ad-Hoc|ARM = Ad-Hoc|ARM
		Ad-Hoc|iPhone = Ad-Hoc|iPhone
		Ad-Hoc|iPhoneSimulator = Ad-Hoc|iPhoneSimulator
		Ad-Hoc|x64 = Ad-Hoc|x64
		Ad-Hoc|x86 = Ad-Hoc|x86
		AppStore|Any CPU = AppStore|Any CPU
		AppStore|ARM = AppStore|ARM
		AppStore|iPhone = AppStore|iPhone
		AppStore|iPhoneSimulator = AppStore|iPhoneSimulator
		AppStore|x64 = AppStore|x64
		AppStore|x86 = AppStore|x86
		Debug|Any CPU = Debug|Any CPU
		Debug|ARM = Debug|ARM
		Debug|iPhone = Debug|iPhone
		Debug|iPhoneSimulator = Debug|iPhoneSimulator
		Debug|x64 = Debug|x64
		Debug|x86 = Debug|x86
		Release|Any CPU = Release|Any CPU
		Release|ARM = Release|ARM
		Release|iPhone = Release|iPhone
		Release|iPhoneSimulator = Release|iPhoneSimulator
		Release|x64 = Release|x64
		Release|x86 = Release|x86
	EndGlobalSection
	GlobalSection(ProjectConfigurationPlatforms) = postSolution
		{E13222EB-04E4-4234-95B6-55AA01BDA619}.Ad-Hoc|Any CPU.ActiveCfg = Release|Any CPU
		{E13222EB-04E4-4234-95B6-55AA01BDA619}.Ad-Hoc|Any CPU.Build.0 = Release|Any CPU
		{E13222EB-04E4-4234-95B6-55AA01BDA619}.Ad-Hoc|Any CPU.Deploy.0 = Release|Any CPU
		{E13222EB-04E4-4234-95B6-55AA01BDA619}.Ad-Hoc|ARM.ActiveCfg = Release|Any CPU
		{E13222EB-04E4-4234-95B6-55AA01BDA619}.Ad-Hoc|ARM.Build.0 = Release|Any CPU
		{E13222EB-04E4-4234-95B6-55AA01BDA619}.Ad-Hoc|ARM.Deploy.0 = Release|Any CPU
		{E13222EB-04E4-4234-95B6-55AA01BDA619}.Ad-Hoc|iPhone.ActiveCfg = Release|Any CPU
		{E13222EB-04E4-4234-95B6-55AA01BDA619}.Ad-Hoc|iPhone.Build.0 = Release|Any CPU
		{E13222EB-04E4-4234-95B6-55AA01BDA619}.Ad-Hoc|iPhone.Deploy.0 = Release|Any CPU
		{E13222EB-04E4-4234-95B6-55AA01BDA619}.Ad-Hoc|iPhoneSimulator.ActiveCfg = Release|Any CPU
		{E13222EB-04E4-4234-95B6-55AA01BDA619}.Ad-Hoc|iPhoneSimulator.Build.0 = Release|Any CPU
		{E13222EB-04E4-4234-95B6-55AA01BDA619}.Ad-Hoc|iPhoneSimulator.Deploy.0 = Release|Any CPU
		{E13222EB-04E4-4234-95B6-55AA01BDA619}.Ad-Hoc|x64.ActiveCfg = Release|Any CPU
		{E13222EB-04E4-4234-95B6-55AA01BDA619}.Ad-Hoc|x64.Build.0 = Release|Any CPU
		{E13222EB-04E4-4234-95B6-55AA01BDA619}.Ad-Hoc|x64.Deploy.0 = Release|Any CPU
		{E13222EB-04E4-4234-95B6-55AA01BDA619}.Ad-Hoc|x86.ActiveCfg = Release|Any CPU
		{E13222EB-04E4-4234-95B6-55AA01BDA619}.Ad-Hoc|x86.Build.0 = Release|Any CPU
		{E13222EB-04E4-4234-95B6-55AA01BDA619}.Ad-Hoc|x86.Deploy.0 = Release|Any CPU
		{E13222EB-04E4-4234-95B6-55AA01BDA619}.AppStore|Any CPU.ActiveCfg = Release|Any CPU
		{E13222EB-04E4-4234-95B6-55AA01BDA619}.AppStore|Any CPU.Build.0 = Release|Any CPU
		{E13222EB-04E4-4234-95B6-55AA01BDA619}.AppStore|Any CPU.Deploy.0 = Release|Any CPU
		{E13222EB-04E4-4234-95B6-55AA01BDA619}.AppStore|ARM.ActiveCfg = Release|Any CPU
		{E13222EB-04E4-4234-95B6-55AA01BDA619}.AppStore|ARM.Build.0 = Release|Any CPU
		{E13222EB-04E4-4234-95B6-55AA01BDA619}.AppStore|ARM.Deploy.0 = Release|Any CPU
		{E13222EB-04E4-4234-95B6-55AA01BDA619}.AppStore|iPhone.ActiveCfg = Release|Any CPU
		{E13222EB-04E4-4234-95B6-55AA01BDA619}.AppStore|iPhone.Build.0 = Release|Any CPU
		{E13222EB-04E4-4234-95B6-55AA01BDA619}.AppStore|iPhone.Deploy.0 = Release|Any CPU
		{E13222EB-04E4-4234-95B6-55AA01BDA619}.AppStore|iPhoneSimulator.ActiveCfg = Release|Any CPU
		{E13222EB-04E4-4234-95B6-55AA01BDA619}.AppStore|iPhoneSimulator.Build.0 = Release|Any CPU
		{E13222EB-04E4-4234-95B6-55AA01BDA619}.AppStore|iPhoneSimulator.Deploy.0 = Release|Any CPU
		{E13222EB-04E4-4234-95B6-55AA01BDA619}.AppStore|x64.ActiveCfg = Release|Any CPU
		{E13222EB-04E4-4234-95B6-55AA01BDA619}.AppStore|x64.Build.0 = Release|Any CPU
		{E13222EB-04E4-4234-95B6-55AA01BDA619}.AppStore|x64.Deploy.0 = Release|Any CPU
		{E13222EB-04E4-4234-95B6-55AA01BDA619}.AppStore|x86.ActiveCfg = Release|Any CPU
		{E13222EB-04E4-4234-95B6-55AA01BDA619}.AppStore|x86.Build.0 = Release|Any CPU
		{E13222EB-04E4-4234-95B6-55AA01BDA619}.AppStore|x86.Deploy.0 = Release|Any CPU
		{E13222EB-04E4-4234-95B6-55AA01BDA619}.Debug|Any CPU.ActiveCfg = Debug|Any CPU
		{E13222EB-04E4-4234-95B6-55AA01BDA619}.Debug|Any CPU.Build.0 = Debug|Any CPU
		{E13222EB-04E4-4234-95B6-55AA01BDA619}.Debug|Any CPU.Deploy.0 = Debug|Any CPU
		{E13222EB-04E4-4234-95B6-55AA01BDA619}.Debug|ARM.ActiveCfg = Debug|Any CPU
		{E13222EB-04E4-4234-95B6-55AA01BDA619}.Debug|ARM.Build.0 = Debug|Any CPU
		{E13222EB-04E4-4234-95B6-55AA01BDA619}.Debug|ARM.Deploy.0 = Debug|Any CPU
		{E13222EB-04E4-4234-95B6-55AA01BDA619}.Debug|iPhone.ActiveCfg = Debug|Any CPU
		{E13222EB-04E4-4234-95B6-55AA01BDA619}.Debug|iPhone.Build.0 = Debug|Any CPU
		{E13222EB-04E4-4234-95B6-55AA01BDA619}.Debug|iPhone.Deploy.0 = Debug|Any CPU
		{E13222EB-04E4-4234-95B6-55AA01BDA619}.Debug|iPhoneSimulator.ActiveCfg = Debug|Any CPU
		{E13222EB-04E4-4234-95B6-55AA01BDA619}.Debug|iPhoneSimulator.Build.0 = Debug|Any CPU
		{E13222EB-04E4-4234-95B6-55AA01BDA619}.Debug|iPhoneSimulator.Deploy.0 = Debug|Any CPU
		{E13222EB-04E4-4234-95B6-55AA01BDA619}.Debug|x64.ActiveCfg = Debug|Any CPU
		{E13222EB-04E4-4234-95B6-55AA01BDA619}.Debug|x64.Build.0 = Debug|Any CPU
		{E13222EB-04E4-4234-95B6-55AA01BDA619}.Debug|x64.Deploy.0 = Debug|Any CPU
		{E13222EB-04E4-4234-95B6-55AA01BDA619}.Debug|x86.ActiveCfg = Debug|Any CPU
		{E13222EB-04E4-4234-95B6-55AA01BDA619}.Debug|x86.Build.0 = Debug|Any CPU
		{E13222EB-04E4-4234-95B6-55AA01BDA619}.Debug|x86.Deploy.0 = Debug|Any CPU
		{E13222EB-04E4-4234-95B6-55AA01BDA619}.Release|Any CPU.ActiveCfg = Release|Any CPU
		{E13222EB-04E4-4234-95B6-55AA01BDA619}.Release|Any CPU.Build.0 = Release|Any CPU
		{E13222EB-04E4-4234-95B6-55AA01BDA619}.Release|Any CPU.Deploy.0 = Release|Any CPU
		{E13222EB-04E4-4234-95B6-55AA01BDA619}.Release|ARM.ActiveCfg = Release|Any CPU
		{E13222EB-04E4-4234-95B6-55AA01BDA619}.Release|ARM.Build.0 = Release|Any CPU
		{E13222EB-04E4-4234-95B6-55AA01BDA619}.Release|ARM.Deploy.0 = Release|Any CPU
		{E13222EB-04E4-4234-95B6-55AA01BDA619}.Release|iPhone.ActiveCfg = Release|Any CPU
		{E13222EB-04E4-4234-95B6-55AA01BDA619}.Release|iPhone.Build.0 = Release|Any CPU
		{E13222EB-04E4-4234-95B6-55AA01BDA619}.Release|iPhone.Deploy.0 = Release|Any CPU
		{E13222EB-04E4-4234-95B6-55AA01BDA619}.Release|iPhoneSimulator.ActiveCfg = Release|Any CPU
		{E13222EB-04E4-4234-95B6-55AA01BDA619}.Release|iPhoneSimulator.Build.0 = Release|Any CPU
		{E13222EB-04E4-4234-95B6-55AA01BDA619}.Release|iPhoneSimulator.Deploy.0 = Release|Any CPU
		{E13222EB-04E4-4234-95B6-55AA01BDA619}.Release|x64.ActiveCfg = Release|Any CPU
		{E13222EB-04E4-4234-95B6-55AA01BDA619}.Release|x64.Build.0 = Release|Any CPU
		{E13222EB-04E4-4234-95B6-55AA01BDA619}.Release|x64.Deploy.0 = Release|Any CPU
		{E13222EB-04E4-4234-95B6-55AA01BDA619}.Release|x86.ActiveCfg = Release|Any CPU
		{E13222EB-04E4-4234-95B6-55AA01BDA619}.Release|x86.Build.0 = Release|Any CPU
		{E13222EB-04E4-4234-95B6-55AA01BDA619}.Release|x86.Deploy.0 = Release|Any CPU
		{687B9E1F-1362-438E-882B-62E0917163E2}.Ad-Hoc|Any CPU.ActiveCfg = Release|Any CPU
		{687B9E1F-1362-438E-882B-62E0917163E2}.Ad-Hoc|Any CPU.Build.0 = Release|Any CPU
		{687B9E1F-1362-438E-882B-62E0917163E2}.Ad-Hoc|ARM.ActiveCfg = Release|Any CPU
		{687B9E1F-1362-438E-882B-62E0917163E2}.Ad-Hoc|ARM.Build.0 = Release|Any CPU
		{687B9E1F-1362-438E-882B-62E0917163E2}.Ad-Hoc|iPhone.ActiveCfg = Release|Any CPU
		{687B9E1F-1362-438E-882B-62E0917163E2}.Ad-Hoc|iPhone.Build.0 = Release|Any CPU
		{687B9E1F-1362-438E-882B-62E0917163E2}.Ad-Hoc|iPhoneSimulator.ActiveCfg = Release|Any CPU
		{687B9E1F-1362-438E-882B-62E0917163E2}.Ad-Hoc|iPhoneSimulator.Build.0 = Release|Any CPU
		{687B9E1F-1362-438E-882B-62E0917163E2}.Ad-Hoc|x64.ActiveCfg = Release|Any CPU
		{687B9E1F-1362-438E-882B-62E0917163E2}.Ad-Hoc|x64.Build.0 = Release|Any CPU
		{687B9E1F-1362-438E-882B-62E0917163E2}.Ad-Hoc|x86.ActiveCfg = Release|Any CPU
		{687B9E1F-1362-438E-882B-62E0917163E2}.Ad-Hoc|x86.Build.0 = Release|Any CPU
		{687B9E1F-1362-438E-882B-62E0917163E2}.AppStore|Any CPU.ActiveCfg = Release|Any CPU
		{687B9E1F-1362-438E-882B-62E0917163E2}.AppStore|Any CPU.Build.0 = Release|Any CPU
		{687B9E1F-1362-438E-882B-62E0917163E2}.AppStore|ARM.ActiveCfg = Release|Any CPU
		{687B9E1F-1362-438E-882B-62E0917163E2}.AppStore|ARM.Build.0 = Release|Any CPU
		{687B9E1F-1362-438E-882B-62E0917163E2}.AppStore|iPhone.ActiveCfg = Release|Any CPU
		{687B9E1F-1362-438E-882B-62E0917163E2}.AppStore|iPhone.Build.0 = Release|Any CPU
		{687B9E1F-1362-438E-882B-62E0917163E2}.AppStore|iPhoneSimulator.ActiveCfg = Release|Any CPU
		{687B9E1F-1362-438E-882B-62E0917163E2}.AppStore|iPhoneSimulator.Build.0 = Release|Any CPU
		{687B9E1F-1362-438E-882B-62E0917163E2}.AppStore|x64.ActiveCfg = Release|Any CPU
		{687B9E1F-1362-438E-882B-62E0917163E2}.AppStore|x64.Build.0 = Release|Any CPU
		{687B9E1F-1362-438E-882B-62E0917163E2}.AppStore|x86.ActiveCfg = Release|Any CPU
		{687B9E1F-1362-438E-882B-62E0917163E2}.AppStore|x86.Build.0 = Release|Any CPU
		{687B9E1F-1362-438E-882B-62E0917163E2}.Debug|Any CPU.ActiveCfg = Debug|Any CPU
		{687B9E1F-1362-438E-882B-62E0917163E2}.Debug|Any CPU.Build.0 = Debug|Any CPU
		{687B9E1F-1362-438E-882B-62E0917163E2}.Debug|ARM.ActiveCfg = Debug|Any CPU
		{687B9E1F-1362-438E-882B-62E0917163E2}.Debug|ARM.Build.0 = Debug|Any CPU
		{687B9E1F-1362-438E-882B-62E0917163E2}.Debug|iPhone.ActiveCfg = Debug|Any CPU
		{687B9E1F-1362-438E-882B-62E0917163E2}.Debug|iPhone.Build.0 = Debug|Any CPU
		{687B9E1F-1362-438E-882B-62E0917163E2}.Debug|iPhoneSimulator.ActiveCfg = Debug|Any CPU
		{687B9E1F-1362-438E-882B-62E0917163E2}.Debug|iPhoneSimulator.Build.0 = Debug|Any CPU
		{687B9E1F-1362-438E-882B-62E0917163E2}.Debug|x64.ActiveCfg = Debug|Any CPU
		{687B9E1F-1362-438E-882B-62E0917163E2}.Debug|x64.Build.0 = Debug|Any CPU
		{687B9E1F-1362-438E-882B-62E0917163E2}.Debug|x86.ActiveCfg = Debug|Any CPU
		{687B9E1F-1362-438E-882B-62E0917163E2}.Debug|x86.Build.0 = Debug|Any CPU
		{687B9E1F-1362-438E-882B-62E0917163E2}.Release|Any CPU.ActiveCfg = Release|Any CPU
		{687B9E1F-1362-438E-882B-62E0917163E2}.Release|Any CPU.Build.0 = Release|Any CPU
		{687B9E1F-1362-438E-882B-62E0917163E2}.Release|ARM.ActiveCfg = Release|Any CPU
		{687B9E1F-1362-438E-882B-62E0917163E2}.Release|ARM.Build.0 = Release|Any CPU
		{687B9E1F-1362-438E-882B-62E0917163E2}.Release|iPhone.ActiveCfg = Release|Any CPU
		{687B9E1F-1362-438E-882B-62E0917163E2}.Release|iPhone.Build.0 = Release|Any CPU
		{687B9E1F-1362-438E-882B-62E0917163E2}.Release|iPhoneSimulator.ActiveCfg = Release|Any CPU
		{687B9E1F-1362-438E-882B-62E0917163E2}.Release|iPhoneSimulator.Build.0 = Release|Any CPU
		{687B9E1F-1362-438E-882B-62E0917163E2}.Release|x64.ActiveCfg = Release|Any CPU
		{687B9E1F-1362-438E-882B-62E0917163E2}.Release|x64.Build.0 = Release|Any CPU
		{687B9E1F-1362-438E-882B-62E0917163E2}.Release|x86.ActiveCfg = Release|Any CPU
		{687B9E1F-1362-438E-882B-62E0917163E2}.Release|x86.Build.0 = Release|Any CPU
		{CAE9A020-A152-408D-B7FF-5515AFE53A11}.Ad-Hoc|Any CPU.ActiveCfg = Release|x86
		{CAE9A020-A152-408D-B7FF-5515AFE53A11}.Ad-Hoc|Any CPU.Build.0 = Release|x86
		{CAE9A020-A152-408D-B7FF-5515AFE53A11}.Ad-Hoc|Any CPU.Deploy.0 = Release|x86
		{CAE9A020-A152-408D-B7FF-5515AFE53A11}.Ad-Hoc|ARM.ActiveCfg = Release|ARM
		{CAE9A020-A152-408D-B7FF-5515AFE53A11}.Ad-Hoc|ARM.Build.0 = Release|ARM
		{CAE9A020-A152-408D-B7FF-5515AFE53A11}.Ad-Hoc|ARM.Deploy.0 = Release|ARM
		{CAE9A020-A152-408D-B7FF-5515AFE53A11}.Ad-Hoc|iPhone.ActiveCfg = Release|x86
		{CAE9A020-A152-408D-B7FF-5515AFE53A11}.Ad-Hoc|iPhone.Build.0 = Release|x86
		{CAE9A020-A152-408D-B7FF-5515AFE53A11}.Ad-Hoc|iPhone.Deploy.0 = Release|x86
		{CAE9A020-A152-408D-B7FF-5515AFE53A11}.Ad-Hoc|iPhoneSimulator.ActiveCfg = Release|x86
		{CAE9A020-A152-408D-B7FF-5515AFE53A11}.Ad-Hoc|iPhoneSimulator.Build.0 = Release|x86
		{CAE9A020-A152-408D-B7FF-5515AFE53A11}.Ad-Hoc|iPhoneSimulator.Deploy.0 = Release|x86
		{CAE9A020-A152-408D-B7FF-5515AFE53A11}.Ad-Hoc|x64.ActiveCfg = Release|x64
		{CAE9A020-A152-408D-B7FF-5515AFE53A11}.Ad-Hoc|x64.Build.0 = Release|x64
		{CAE9A020-A152-408D-B7FF-5515AFE53A11}.Ad-Hoc|x64.Deploy.0 = Release|x64
		{CAE9A020-A152-408D-B7FF-5515AFE53A11}.Ad-Hoc|x86.ActiveCfg = Release|x86
		{CAE9A020-A152-408D-B7FF-5515AFE53A11}.Ad-Hoc|x86.Build.0 = Release|x86
		{CAE9A020-A152-408D-B7FF-5515AFE53A11}.Ad-Hoc|x86.Deploy.0 = Release|x86
		{CAE9A020-A152-408D-B7FF-5515AFE53A11}.AppStore|Any CPU.ActiveCfg = Release|x86
		{CAE9A020-A152-408D-B7FF-5515AFE53A11}.AppStore|Any CPU.Build.0 = Release|x86
		{CAE9A020-A152-408D-B7FF-5515AFE53A11}.AppStore|Any CPU.Deploy.0 = Release|x86
		{CAE9A020-A152-408D-B7FF-5515AFE53A11}.AppStore|ARM.ActiveCfg = Release|ARM
		{CAE9A020-A152-408D-B7FF-5515AFE53A11}.AppStore|ARM.Build.0 = Release|ARM
		{CAE9A020-A152-408D-B7FF-5515AFE53A11}.AppStore|ARM.Deploy.0 = Release|ARM
		{CAE9A020-A152-408D-B7FF-5515AFE53A11}.AppStore|iPhone.ActiveCfg = Release|x86
		{CAE9A020-A152-408D-B7FF-5515AFE53A11}.AppStore|iPhone.Build.0 = Release|x86
		{CAE9A020-A152-408D-B7FF-5515AFE53A11}.AppStore|iPhone.Deploy.0 = Release|x86
		{CAE9A020-A152-408D-B7FF-5515AFE53A11}.AppStore|iPhoneSimulator.ActiveCfg = Release|x86
		{CAE9A020-A152-408D-B7FF-5515AFE53A11}.AppStore|iPhoneSimulator.Build.0 = Release|x86
		{CAE9A020-A152-408D-B7FF-5515AFE53A11}.AppStore|iPhoneSimulator.Deploy.0 = Release|x86
		{CAE9A020-A152-408D-B7FF-5515AFE53A11}.AppStore|x64.ActiveCfg = Release|x64
		{CAE9A020-A152-408D-B7FF-5515AFE53A11}.AppStore|x64.Build.0 = Release|x64
		{CAE9A020-A152-408D-B7FF-5515AFE53A11}.AppStore|x64.Deploy.0 = Release|x64
		{CAE9A020-A152-408D-B7FF-5515AFE53A11}.AppStore|x86.ActiveCfg = Release|x86
		{CAE9A020-A152-408D-B7FF-5515AFE53A11}.AppStore|x86.Build.0 = Release|x86
		{CAE9A020-A152-408D-B7FF-5515AFE53A11}.AppStore|x86.Deploy.0 = Release|x86
		{CAE9A020-A152-408D-B7FF-5515AFE53A11}.Debug|Any CPU.ActiveCfg = Debug|x86
		{CAE9A020-A152-408D-B7FF-5515AFE53A11}.Debug|Any CPU.Build.0 = Debug|x86
		{CAE9A020-A152-408D-B7FF-5515AFE53A11}.Debug|Any CPU.Deploy.0 = Debug|x86
		{CAE9A020-A152-408D-B7FF-5515AFE53A11}.Debug|ARM.ActiveCfg = Debug|ARM
		{CAE9A020-A152-408D-B7FF-5515AFE53A11}.Debug|ARM.Build.0 = Debug|ARM
		{CAE9A020-A152-408D-B7FF-5515AFE53A11}.Debug|ARM.Deploy.0 = Debug|ARM
		{CAE9A020-A152-408D-B7FF-5515AFE53A11}.Debug|iPhone.ActiveCfg = Debug|x86
		{CAE9A020-A152-408D-B7FF-5515AFE53A11}.Debug|iPhoneSimulator.ActiveCfg = Debug|x86
		{CAE9A020-A152-408D-B7FF-5515AFE53A11}.Debug|x64.ActiveCfg = Debug|x64
		{CAE9A020-A152-408D-B7FF-5515AFE53A11}.Debug|x64.Build.0 = Debug|x64
		{CAE9A020-A152-408D-B7FF-5515AFE53A11}.Debug|x64.Deploy.0 = Debug|x64
		{CAE9A020-A152-408D-B7FF-5515AFE53A11}.Debug|x86.ActiveCfg = Debug|x86
		{CAE9A020-A152-408D-B7FF-5515AFE53A11}.Debug|x86.Build.0 = Debug|x86
		{CAE9A020-A152-408D-B7FF-5515AFE53A11}.Debug|x86.Deploy.0 = Debug|x86
		{CAE9A020-A152-408D-B7FF-5515AFE53A11}.Release|Any CPU.ActiveCfg = Release|x86
		{CAE9A020-A152-408D-B7FF-5515AFE53A11}.Release|ARM.ActiveCfg = Release|ARM
		{CAE9A020-A152-408D-B7FF-5515AFE53A11}.Release|ARM.Build.0 = Release|ARM
		{CAE9A020-A152-408D-B7FF-5515AFE53A11}.Release|ARM.Deploy.0 = Release|ARM
		{CAE9A020-A152-408D-B7FF-5515AFE53A11}.Release|iPhone.ActiveCfg = Release|x86
		{CAE9A020-A152-408D-B7FF-5515AFE53A11}.Release|iPhoneSimulator.ActiveCfg = Release|x86
		{CAE9A020-A152-408D-B7FF-5515AFE53A11}.Release|x64.ActiveCfg = Release|x64
		{CAE9A020-A152-408D-B7FF-5515AFE53A11}.Release|x64.Build.0 = Release|x64
		{CAE9A020-A152-408D-B7FF-5515AFE53A11}.Release|x64.Deploy.0 = Release|x64
		{CAE9A020-A152-408D-B7FF-5515AFE53A11}.Release|x86.ActiveCfg = Release|x86
		{CAE9A020-A152-408D-B7FF-5515AFE53A11}.Release|x86.Build.0 = Release|x86
		{CAE9A020-A152-408D-B7FF-5515AFE53A11}.Release|x86.Deploy.0 = Release|x86
		{626CAF98-6626-4CB9-83A3-699FE372459A}.Ad-Hoc|Any CPU.ActiveCfg = Ad-Hoc|iPhone
		{626CAF98-6626-4CB9-83A3-699FE372459A}.Ad-Hoc|ARM.ActiveCfg = Ad-Hoc|iPhone
		{626CAF98-6626-4CB9-83A3-699FE372459A}.Ad-Hoc|iPhone.ActiveCfg = Ad-Hoc|iPhone
		{626CAF98-6626-4CB9-83A3-699FE372459A}.Ad-Hoc|iPhone.Build.0 = Ad-Hoc|iPhone
		{626CAF98-6626-4CB9-83A3-699FE372459A}.Ad-Hoc|iPhoneSimulator.ActiveCfg = Ad-Hoc|iPhoneSimulator
		{626CAF98-6626-4CB9-83A3-699FE372459A}.Ad-Hoc|iPhoneSimulator.Build.0 = Ad-Hoc|iPhoneSimulator
		{626CAF98-6626-4CB9-83A3-699FE372459A}.Ad-Hoc|x64.ActiveCfg = Ad-Hoc|iPhone
		{626CAF98-6626-4CB9-83A3-699FE372459A}.Ad-Hoc|x86.ActiveCfg = Ad-Hoc|iPhone
		{626CAF98-6626-4CB9-83A3-699FE372459A}.AppStore|Any CPU.ActiveCfg = AppStore|iPhone
		{626CAF98-6626-4CB9-83A3-699FE372459A}.AppStore|ARM.ActiveCfg = AppStore|iPhone
		{626CAF98-6626-4CB9-83A3-699FE372459A}.AppStore|iPhone.ActiveCfg = AppStore|iPhone
		{626CAF98-6626-4CB9-83A3-699FE372459A}.AppStore|iPhone.Build.0 = AppStore|iPhone
		{626CAF98-6626-4CB9-83A3-699FE372459A}.AppStore|iPhoneSimulator.ActiveCfg = AppStore|iPhoneSimulator
		{626CAF98-6626-4CB9-83A3-699FE372459A}.AppStore|iPhoneSimulator.Build.0 = AppStore|iPhoneSimulator
		{626CAF98-6626-4CB9-83A3-699FE372459A}.AppStore|x64.ActiveCfg = AppStore|iPhone
		{626CAF98-6626-4CB9-83A3-699FE372459A}.AppStore|x86.ActiveCfg = AppStore|iPhone
		{626CAF98-6626-4CB9-83A3-699FE372459A}.Debug|Any CPU.ActiveCfg = Debug|iPhone
		{626CAF98-6626-4CB9-83A3-699FE372459A}.Debug|ARM.ActiveCfg = Debug|iPhone
		{626CAF98-6626-4CB9-83A3-699FE372459A}.Debug|iPhone.ActiveCfg = Debug|iPhone
		{626CAF98-6626-4CB9-83A3-699FE372459A}.Debug|iPhone.Build.0 = Debug|iPhone
		{626CAF98-6626-4CB9-83A3-699FE372459A}.Debug|iPhoneSimulator.ActiveCfg = Debug|iPhoneSimulator
		{626CAF98-6626-4CB9-83A3-699FE372459A}.Debug|iPhoneSimulator.Build.0 = Debug|iPhoneSimulator
		{626CAF98-6626-4CB9-83A3-699FE372459A}.Debug|x64.ActiveCfg = Debug|iPhone
		{626CAF98-6626-4CB9-83A3-699FE372459A}.Debug|x86.ActiveCfg = Debug|iPhone
		{626CAF98-6626-4CB9-83A3-699FE372459A}.Release|Any CPU.ActiveCfg = Release|iPhone
		{626CAF98-6626-4CB9-83A3-699FE372459A}.Release|ARM.ActiveCfg = Release|iPhone
		{626CAF98-6626-4CB9-83A3-699FE372459A}.Release|iPhone.ActiveCfg = Release|iPhone
		{626CAF98-6626-4CB9-83A3-699FE372459A}.Release|iPhone.Build.0 = Release|iPhone
		{626CAF98-6626-4CB9-83A3-699FE372459A}.Release|iPhoneSimulator.ActiveCfg = Release|iPhoneSimulator
		{626CAF98-6626-4CB9-83A3-699FE372459A}.Release|iPhoneSimulator.Build.0 = Release|iPhoneSimulator
		{626CAF98-6626-4CB9-83A3-699FE372459A}.Release|x64.ActiveCfg = Release|iPhone
		{626CAF98-6626-4CB9-83A3-699FE372459A}.Release|x86.ActiveCfg = Release|iPhone
	EndGlobalSection
	GlobalSection(SolutionProperties) = preSolution
		HideSolutionNode = FALSE
	EndGlobalSection
EndGlobal
